<?xml version="1.0" encoding="utf-8"?>
<Project ToolsVersion="4.0" xmlns="http://schemas.microsoft.com/developer/msbuild/2003">
  <ItemGroup>
    <Filter Include="defs">
      <UniqueIdentifier>{8c7f5278-b7d1-4b1b-b83e-2078bfd923da}</UniqueIdentifier>
    </Filter>
    <Filter Include="elements">
      <UniqueIdentifier>{e8f6afc2-91cf-4409-bf0e-4c11a8c4c27c}</UniqueIdentifier>
    </Filter>
    <Filter Include="helpers">
      <UniqueIdentifier>{aa3acd21-2639-4f63-90af-af2f7c6b8ed8}</UniqueIdentifier>
    </Filter>
    <Filter Include="parsing">
      <UniqueIdentifier>{e1e8712c-753d-416f-9fed-c50fd19161ea}</UniqueIdentifier>
    </Filter>
    <Filter Include="setup">
      <UniqueIdentifier>{31be951b-6d0d-47be-b42d-85a6e9ab2f46}</UniqueIdentifier>
    </Filter>
    <Filter Include="data">
      <UniqueIdentifier>{dc988c6e-464b-4f7b-9021-28b8d6e1b155}</UniqueIdentifier>
    </Filter>
    <Filter Include="flags">
      <UniqueIdentifier>{eecc8b2f-1b47-4522-9b85-834b082d1d31}</UniqueIdentifier>
    </Filter>
  </ItemGroup>
  <ItemGroup>
    <ClInclude Include="include\esper\defs\BytesDef.h">
      <Filter>defs</Filter>
    </ClInclude>
    <ClInclude Include="include\esper\defs\Def.h">
      <Filter>defs</Filter>
    </ClInclude>
    <ClInclude Include="include\esper\elements\Container.h">
      <Filter>elements</Filter>
    </ClInclude>
    <ClInclude Include="include\esper\elements\Element.h">
      <Filter>elements</Filter>
    </ClInclude>
    <ClInclude Include="include\esper\elements\MainRecord.h">
      <Filter>elements</Filter>
    </ClInclude>
    <ClInclude Include="include\esper\elements\PluginFile.h">
      <Filter>elements</Filter>
    </ClInclude>
    <ClInclude Include="include\esper\elements\ValueElement.h">
      <Filter>elements</Filter>
    </ClInclude>
    <ClInclude Include="include\esper\setup\DefinitionManager.h">
      <Filter>setup</Filter>
    </ClInclude>
    <ClInclude Include="include\esper\setup\Session.h">
      <Filter>setup</Filter>
    </ClInclude>
    <ClInclude Include="include\esper\setup\SessionOptions.h">
      <Filter>setup</Filter>
    </ClInclude>
    <ClInclude Include="include\esper\helpers\errors.h">
      <Filter>helpers</Filter>
    </ClInclude>
    <ClInclude Include="include\esper\helpers\json.h">
      <Filter>helpers</Filter>
    </ClInclude>
    <ClInclude Include="include\esper\helpers\helpers.h">
      <Filter>helpers</Filter>
    </ClInclude>
    <ClInclude Include="include\esper\helpers\strings.h">
      <Filter>helpers</Filter>
    </ClInclude>
    <ClInclude Include="include\esper\defs\FloatDef.h">
      <Filter>defs</Filter>
    </ClInclude>
    <ClInclude Include="include\esper\defs\MembersDef.h">
      <Filter>defs</Filter>
    </ClInclude>
    <ClInclude Include="include\esper\defs\MaybeSubrecordDef.h">
      <Filter>defs</Filter>
    </ClInclude>
    <ClInclude Include="include\esper\defs\StructDef.h">
      <Filter>defs</Filter>
    </ClInclude>
    <ClInclude Include="include\esper\defs\ValueDef.h">
      <Filter>defs</Filter>
    </ClInclude>
    <ClInclude Include="include\esper\setup\PluginManager.h">
      <Filter>setup</Filter>
    </ClInclude>
    <ClInclude Include="include\esper\parsing\GroupHeader.h">
      <Filter>parsing</Filter>
    </ClInclude>
    <ClInclude Include="include\esper\elements\MainRecordHeader.h">
      <Filter>parsing</Filter>
    </ClInclude>
    <ClInclude Include="include\esper\parsing\PluginFileSource.h">
      <Filter>parsing</Filter>
    </ClInclude>
    <ClInclude Include="include\esper\parsing\RecordHeader.h">
      <Filter>parsing</Filter>
    </ClInclude>
    <ClInclude Include="include\esper\parsing\Signature.h">
      <Filter>parsing</Filter>
    </ClInclude>
    <ClInclude Include="include\esper\parsing\Subrecord.h">
      <Filter>parsing</Filter>
    </ClInclude>
    <ClInclude Include="include\esper\parsing\MemoryMap.h">
      <Filter>parsing</Filter>
    </ClInclude>
    <ClInclude Include="include\esper\defs\MainRecordDef.h">
      <Filter>defs</Filter>
    </ClInclude>
    <ClInclude Include="include\esper\esper.h" />
    <ClInclude Include="include\esper\helpers\stubs.h">
      <Filter>helpers</Filter>
    </ClInclude>
    <ClInclude Include="include\esper\data\BytesData.h">
      <Filter>data</Filter>
    </ClInclude>
    <ClInclude Include="include\esper\data\DataContainer.h">
      <Filter>data</Filter>
    </ClInclude>
    <ClInclude Include="include\esper\data\Int8Data.h">
      <Filter>data</Filter>
    </ClInclude>
    <ClInclude Include="include\esper\data\Int16Data.h">
      <Filter>data</Filter>
    </ClInclude>
    <ClInclude Include="include\esper\data\Int32Data.h">
      <Filter>data</Filter>
    </ClInclude>
    <ClInclude Include="include\esper\data\UInt8Data.h">
      <Filter>data</Filter>
    </ClInclude>
    <ClInclude Include="include\esper\data\UInt16Data.h">
      <Filter>data</Filter>
    </ClInclude>
    <ClInclude Include="include\esper\data\UInt32Data.h">
      <Filter>data</Filter>
    </ClInclude>
    <ClInclude Include="include\esper\data\FloatData.h">
      <Filter>data</Filter>
    </ClInclude>
    <ClInclude Include="include\esper\data\StringData.h">
      <Filter>data</Filter>
    </ClInclude>
    <ClInclude Include="include\esper\data\Int0Data.h">
      <Filter>data</Filter>
    </ClInclude>
    <ClInclude Include="include\esper\flags\Flags.h">
      <Filter>flags</Filter>
    </ClInclude>
    <ClInclude Include="include\esper\flags\ElementState.h">
      <Filter>flags</Filter>
    </ClInclude>
    <ClInclude Include="include\esper\setup\LoadOrderSlot.h">
      <Filter>setup</Filter>
    </ClInclude>
    <ClInclude Include="include\esper\setup\Game.h">
      <Filter>setup</Filter>
    </ClInclude>
    <ClInclude Include="include\esper\setup\games.h">
      <Filter>setup</Filter>
    </ClInclude>
  </ItemGroup>
  <ItemGroup>
    <ClCompile Include="include\esper\empty_file.cpp" />
  </ItemGroup>
</Project>