<?xml version="1.0" encoding="utf-8"?>
<Project ToolsVersion="4.0" xmlns="http://schemas.microsoft.com/developer/msbuild/2003">
  <ItemGroup>
    <Filter Include="defs">
      <UniqueIdentifier>{8c7f5278-b7d1-4b1b-b83e-2078bfd923da}</UniqueIdentifier>
    </Filter>
    <Filter Include="elements">
      <UniqueIdentifier>{e8f6afc2-91cf-4409-bf0e-4c11a8c4c27c}</UniqueIdentifier>
    </Filter>
    <Filter Include="helpers">
      <UniqueIdentifier>{aa3acd21-2639-4f63-90af-af2f7c6b8ed8}</UniqueIdentifier>
    </Filter>
    <Filter Include="parsing">
      <UniqueIdentifier>{e1e8712c-753d-416f-9fed-c50fd19161ea}</UniqueIdentifier>
    </Filter>
    <Filter Include="setup">
      <UniqueIdentifier>{31be951b-6d0d-47be-b42d-85a6e9ab2f46}</UniqueIdentifier>
    </Filter>
    <Filter Include="data">
      <UniqueIdentifier>{dc988c6e-464b-4f7b-9021-28b8d6e1b155}</UniqueIdentifier>
    </Filter>
    <Filter Include="flags">
      <UniqueIdentifier>{eecc8b2f-1b47-4522-9b85-834b082d1d31}</UniqueIdentifier>
    </Filter>
    <Filter Include="defs\values">
      <UniqueIdentifier>{2ee12913-01e1-4217-8708-3b3ad00e7bfe}</UniqueIdentifier>
    </Filter>
    <Filter Include="elements\interfaces">
      <UniqueIdentifier>{d86d54e7-04c7-47a6-8525-ca3a3fc8bf19}</UniqueIdentifier>
    </Filter>
    <Filter Include="resolution">
      <UniqueIdentifier>{feadfd2b-7738-4d6e-95b5-1b59ecdd0b6a}</UniqueIdentifier>
    </Filter>
    <Filter Include="resolution\strategies">
      <UniqueIdentifier>{babb2fbd-bd10-487f-b7f7-c956c1081c06}</UniqueIdentifier>
    </Filter>
    <Filter Include="defs\formats">
      <UniqueIdentifier>{1306374b-2648-4908-80a8-c94d4321101e}</UniqueIdentifier>
    </Filter>
    <Filter Include="elements\helpers">
      <UniqueIdentifier>{7465abeb-a6d7-4cee-af9c-a455e4adcf98}</UniqueIdentifier>
    </Filter>
  </ItemGroup>
  <ItemGroup>
    <ClInclude Include="src\data\BytesData.h">
      <Filter>data</Filter>
    </ClInclude>
    <ClInclude Include="src\data\DataContainer.h">
      <Filter>data</Filter>
    </ClInclude>
    <ClInclude Include="src\data\FloatData.h">
      <Filter>data</Filter>
    </ClInclude>
    <ClInclude Include="src\data\Int0Data.h">
      <Filter>data</Filter>
    </ClInclude>
    <ClInclude Include="src\data\IntData.h">
      <Filter>data</Filter>
    </ClInclude>
    <ClInclude Include="src\data\StringData.h">
      <Filter>data</Filter>
    </ClInclude>
    <ClInclude Include="src\defs\Def.h">
      <Filter>defs</Filter>
    </ClInclude>
    <ClInclude Include="src\defs\MainRecordDef.h">
      <Filter>defs</Filter>
    </ClInclude>
    <ClInclude Include="src\defs\MaybeSubrecordDef.h">
      <Filter>defs</Filter>
    </ClInclude>
    <ClInclude Include="src\defs\MembersDef.h">
      <Filter>defs</Filter>
    </ClInclude>
    <ClInclude Include="src\defs\StructDef.h">
      <Filter>defs</Filter>
    </ClInclude>
    <ClInclude Include="src\elements\Container.h">
      <Filter>elements</Filter>
    </ClInclude>
    <ClInclude Include="src\elements\Element.h">
      <Filter>elements</Filter>
    </ClInclude>
    <ClInclude Include="src\elements\MainRecord.h">
      <Filter>elements</Filter>
    </ClInclude>
    <ClInclude Include="src\elements\MainRecordHeader.h">
      <Filter>elements</Filter>
    </ClInclude>
    <ClInclude Include="src\elements\PluginFile.h">
      <Filter>elements</Filter>
    </ClInclude>
    <ClInclude Include="src\elements\ValueElement.h">
      <Filter>elements</Filter>
    </ClInclude>
    <ClInclude Include="src\flags\ElementState.h">
      <Filter>flags</Filter>
    </ClInclude>
    <ClInclude Include="src\flags\Flags.h">
      <Filter>flags</Filter>
    </ClInclude>
    <ClInclude Include="src\helpers\errors.h">
      <Filter>helpers</Filter>
    </ClInclude>
    <ClInclude Include="src\helpers\filesystem.h">
      <Filter>helpers</Filter>
    </ClInclude>
    <ClInclude Include="src\helpers\json.h">
      <Filter>helpers</Filter>
    </ClInclude>
    <ClInclude Include="src\helpers\strings.h">
      <Filter>helpers</Filter>
    </ClInclude>
    <ClInclude Include="src\parsing\GroupHeader.h">
      <Filter>parsing</Filter>
    </ClInclude>
    <ClInclude Include="src\parsing\MemoryMap.h">
      <Filter>parsing</Filter>
    </ClInclude>
    <ClInclude Include="src\parsing\PluginFileSource.h">
      <Filter>parsing</Filter>
    </ClInclude>
    <ClInclude Include="src\parsing\RecordHeader.h">
      <Filter>parsing</Filter>
    </ClInclude>
    <ClInclude Include="src\parsing\Signature.h">
      <Filter>parsing</Filter>
    </ClInclude>
    <ClInclude Include="src\parsing\Subrecord.h">
      <Filter>parsing</Filter>
    </ClInclude>
    <ClInclude Include="src\setup\DefinitionManager.h">
      <Filter>setup</Filter>
    </ClInclude>
    <ClInclude Include="src\setup\Game.h">
      <Filter>setup</Filter>
    </ClInclude>
    <ClInclude Include="src\setup\games.h">
      <Filter>setup</Filter>
    </ClInclude>
    <ClInclude Include="src\setup\PluginManager.h">
      <Filter>setup</Filter>
    </ClInclude>
    <ClInclude Include="src\setup\PluginSlot.h">
      <Filter>setup</Filter>
    </ClInclude>
    <ClInclude Include="src\setup\Session.h">
      <Filter>setup</Filter>
    </ClInclude>
    <ClInclude Include="src\setup\SessionOptions.h">
      <Filter>setup</Filter>
    </ClInclude>
    <ClInclude Include="src\esper.h" />
    <ClInclude Include="src\data\UserBytesData.h">
      <Filter>data</Filter>
    </ClInclude>
    <ClInclude Include="src\data\UserFloatData.h">
      <Filter>data</Filter>
    </ClInclude>
    <ClInclude Include="src\data\UserIntData.h">
      <Filter>data</Filter>
    </ClInclude>
    <ClInclude Include="src\data\UserStringData.h">
      <Filter>data</Filter>
    </ClInclude>
    <ClInclude Include="src\elements\StructElement.h">
      <Filter>elements</Filter>
    </ClInclude>
    <ClInclude Include="src\defs\values\BytesDef.h">
      <Filter>defs\values</Filter>
    </ClInclude>
    <ClInclude Include="src\defs\values\FloatDef.h">
      <Filter>defs\values</Filter>
    </ClInclude>
    <ClInclude Include="src\defs\values\StringDef.h">
      <Filter>defs\values</Filter>
    </ClInclude>
    <ClInclude Include="src\defs\values\ValueDef.h">
      <Filter>defs\values</Filter>
    </ClInclude>
    <ClInclude Include="src\defs\values\FormIdDef.h">
      <Filter>defs\values</Filter>
    </ClInclude>
    <ClInclude Include="src\defs\values\Int0Def.h">
      <Filter>defs\values</Filter>
    </ClInclude>
    <ClInclude Include="src\defs\values\IntegerDef.h">
      <Filter>defs\values</Filter>
    </ClInclude>
    <ClInclude Include="src\data\FormIdData.h">
      <Filter>data</Filter>
    </ClInclude>
    <ClInclude Include="src\data\UserFormIdData.h">
      <Filter>data</Filter>
    </ClInclude>
    <ClInclude Include="src\elements\interfaces\MasterManager.h">
      <Filter>elements\interfaces</Filter>
    </ClInclude>
    <ClInclude Include="src\resolution\ResolutionStrategy.h">
      <Filter>resolution</Filter>
    </ClInclude>
    <ClInclude Include="src\resolution\methods.h">
      <Filter>resolution</Filter>
    </ClInclude>
    <ClInclude Include="src\resolution\strategies\resolveByIndex.h">
      <Filter>resolution\strategies</Filter>
    </ClInclude>
    <ClInclude Include="src\resolution\strategies\resolveParent.h">
      <Filter>resolution\strategies</Filter>
    </ClInclude>
    <ClInclude Include="src\resolution\strategies\resolveReference.h">
      <Filter>resolution\strategies</Filter>
    </ClInclude>
    <ClInclude Include="src\resolution\ContainerMatch.h">
      <Filter>resolution</Filter>
    </ClInclude>
    <ClInclude Include="src\resolution\ElementMatch.h">
      <Filter>resolution</Filter>
    </ClInclude>
    <ClInclude Include="src\resolution\MatchData.h">
      <Filter>resolution</Filter>
    </ClInclude>
    <ClInclude Include="src\defs\formats\DivideDef.h">
      <Filter>defs\formats</Filter>
    </ClInclude>
    <ClInclude Include="src\defs\formats\EnumDef.h">
      <Filter>defs\formats</Filter>
    </ClInclude>
    <ClInclude Include="src\defs\formats\FlagsDef.h">
      <Filter>defs\formats</Filter>
    </ClInclude>
    <ClInclude Include="src\defs\formats\FormatDef.h">
      <Filter>defs\formats</Filter>
    </ClInclude>
    <ClInclude Include="src\defs\formats\FormatUnionDef.h">
      <Filter>defs\formats</Filter>
    </ClInclude>
    <ClInclude Include="src\defs\ArrayDef.h">
      <Filter>defs</Filter>
    </ClInclude>
    <ClInclude Include="src\defs\MemberArrayDef.h">
      <Filter>defs</Filter>
    </ClInclude>
    <ClInclude Include="src\defs\MemberStructDef.h">
      <Filter>defs</Filter>
    </ClInclude>
    <ClInclude Include="src\defs\MemberUnionDef.h">
      <Filter>defs</Filter>
    </ClInclude>
    <ClInclude Include="src\defs\UnionDef.h">
      <Filter>defs</Filter>
    </ClInclude>
    <ClInclude Include="src\elements\interfaces\RecordManager.h">
      <Filter>elements\interfaces</Filter>
    </ClInclude>
    <ClInclude Include="src\elements\helpers\RecordSet.h">
      <Filter>elements\helpers</Filter>
    </ClInclude>
    <ClInclude Include="src\elements\ArrayElement.h">
      <Filter>elements</Filter>
    </ClInclude>
    <ClInclude Include="src\elements\GroupRecord.h">
      <Filter>elements</Filter>
    </ClInclude>
    <ClInclude Include="src\resolution\strategies\resolveByName.cpp">
      <Filter>resolution\strategies</Filter>
    </ClInclude>
    <ClInclude Include="src\resolution\strategies\resolveBySignature.cpp">
      <Filter>resolution\strategies</Filter>
    </ClInclude>
  </ItemGroup>
  <ItemGroup>
    <ClCompile Include="src\defs\Def.cpp">
      <Filter>defs</Filter>
    </ClCompile>
    <ClCompile Include="src\defs\MainRecordDef.cpp">
      <Filter>defs</Filter>
    </ClCompile>
    <ClCompile Include="src\defs\MaybeSubrecordDef.cpp">
      <Filter>defs</Filter>
    </ClCompile>
    <ClCompile Include="src\defs\MembersDef.cpp">
      <Filter>defs</Filter>
    </ClCompile>
    <ClCompile Include="src\defs\StructDef.cpp">
      <Filter>defs</Filter>
    </ClCompile>
    <ClCompile Include="src\elements\Container.cpp">
      <Filter>elements</Filter>
    </ClCompile>
    <ClCompile Include="src\elements\Element.cpp">
      <Filter>elements</Filter>
    </ClCompile>
    <ClCompile Include="src\elements\MainRecord.cpp">
      <Filter>elements</Filter>
    </ClCompile>
    <ClCompile Include="src\elements\MainRecordHeader.cpp">
      <Filter>elements</Filter>
    </ClCompile>
    <ClCompile Include="src\elements\PluginFile.cpp">
      <Filter>elements</Filter>
    </ClCompile>
    <ClCompile Include="src\elements\ValueElement.cpp">
      <Filter>elements</Filter>
    </ClCompile>
    <ClCompile Include="src\defs\values\BytesDef.cpp">
      <Filter>defs\values</Filter>
    </ClCompile>
    <ClCompile Include="src\defs\values\FloatDef.cpp">
      <Filter>defs\values</Filter>
    </ClCompile>
    <ClCompile Include="src\defs\values\StringDef.cpp">
      <Filter>defs\values</Filter>
    </ClCompile>
    <ClCompile Include="src\defs\values\ValueDef.cpp">
      <Filter>defs\values</Filter>
    </ClCompile>
    <ClCompile Include="src\defs\values\FormIdDef.cpp">
      <Filter>defs\values</Filter>
    </ClCompile>
    <ClCompile Include="src\defs\values\Int0Def.cpp">
      <Filter>defs\values</Filter>
    </ClCompile>
    <ClCompile Include="src\defs\values\IntegerDef.cpp">
      <Filter>defs\values</Filter>
    </ClCompile>
    <ClCompile Include="src\data\FormIdData.cpp">
      <Filter>data</Filter>
    </ClCompile>
    <ClCompile Include="src\elements\interfaces\MasterManager.cpp">
      <Filter>elements\interfaces</Filter>
    </ClCompile>
    <ClCompile Include="src\resolution\methods.cpp">
      <Filter>resolution</Filter>
    </ClCompile>
    <ClCompile Include="src\setup\PluginSlot.cpp">
      <Filter>setup</Filter>
    </ClCompile>
    <ClCompile Include="src\setup\PluginManager.cpp">
      <Filter>setup</Filter>
    </ClCompile>
    <ClCompile Include="src\defs\ArrayDef.cpp">
      <Filter>defs</Filter>
    </ClCompile>
    <ClCompile Include="src\defs\MemberArrayDef.cpp">
      <Filter>defs</Filter>
    </ClCompile>
    <ClCompile Include="src\defs\MemberStructDef.cpp">
      <Filter>defs</Filter>
    </ClCompile>
    <ClCompile Include="src\defs\MemberUnionDef.cpp">
      <Filter>defs</Filter>
    </ClCompile>
    <ClCompile Include="src\defs\UnionDef.cpp">
      <Filter>defs</Filter>
    </ClCompile>
    <ClCompile Include="src\data\UserFormIdData.cpp">
      <Filter>data</Filter>
    </ClCompile>
    <ClCompile Include="src\elements\interfaces\RecordManager.cpp">
      <Filter>elements\interfaces</Filter>
    </ClCompile>
    <ClCompile Include="src\elements\helpers\RecordSet.cpp">
      <Filter>elements\helpers</Filter>
    </ClCompile>
    <ClCompile Include="src\elements\ArrayElement.cpp">
      <Filter>elements</Filter>
    </ClCompile>
    <ClCompile Include="src\elements\GroupRecord.cpp">
      <Filter>elements</Filter>
    </ClCompile>
    <ClCompile Include="src\esper.cpp" />
    <ClCompile Include="src\resolution\ResolutionStrategy.cpp">
      <Filter>resolution</Filter>
    </ClCompile>
  </ItemGroup>
</Project>